
Microsoft Visual Studio Solution File, Format Version 12.00
# Visual Studio Version 17
VisualStudioVersion = 17.8.34330.188
MinimumVisualStudioVersion = 10.0.40219.1
Project("{9A19103F-16F7-4668-BE54-9A1E7A4F7556}") = "CancellationToken", "WebApplication1\CancellationToken.csproj", "{6B3BED36-4800-4788-AE29-7C5A08E77020}"
EndProject
Global
	GlobalSection(SolutionConfigurationPlatforms) = preSolution
		Debug|Any CPU = Debug|Any CPU
		Release|Any CPU = Release|Any CPU
	EndGlobalSection
	GlobalSection(ProjectConfigurationPlatforms) = postSolution
		{6B3BED36-4800-4788-AE29-7C5A08E77020}.Debug|Any CPU.ActiveCfg = Debug|Any CPU
		{6B3BED36-4800-4788-AE29-7C5A08E77020}.Debug|Any CPU.Build.0 = Debug|Any CPU
		{6B3BED36-4800-4788-AE29-7C5A08E77020}.Release|Any CPU.ActiveCfg = Release|Any CPU
		{6B3BED36-4800-4788-AE29-7C5A08E77020}.Release|Any CPU.Build.0 = Release|Any CPU
	EndGlobalSection
	GlobalSection(SolutionProperties) = preSolution
		HideSolutionNode = FALSE
	EndGlobalSection
	GlobalSection(ExtensibilityGlobals) = postSolution
		SolutionGuid = {671378D0-38F2-4E44-8FAA-BB87EB77CB2F}
	EndGlobalSection
EndGlobal
